
Microsoft Visual Studio Solution File, Format Version 11.00
# Visual Studio 2010
Project("{FAE04EC0-301F-11D3-BF4B-00C04F79EFBC}") = "TaskShop", "TaskShop\TaskShop.csproj", "{B1FF1404-25DF-4286-B9DF-933B93B70311}"
EndProject
Project("{54435603-DBB4-11D2-8724-00A0C9A8B90C}") = "Setup1", "Setup1\Setup1.vdproj", "{507913DF-FB08-4F50-B0FE-5BC53C3A0A06}"
EndProject
Global
	GlobalSection(SolutionConfigurationPlatforms) = preSolution
		Debug|x86 = Debug|x86
		Release|x86 = Release|x86
	EndGlobalSection
	GlobalSection(ProjectConfigurationPlatforms) = postSolution
		{B1FF1404-25DF-4286-B9DF-933B93B70311}.Debug|x86.ActiveCfg = Debug|x86
		{B1FF1404-25DF-4286-B9DF-933B93B70311}.Debug|x86.Build.0 = Debug|x86
		{B1FF1404-25DF-4286-B9DF-933B93B70311}.Release|x86.ActiveCfg = Release|x86
		{B1FF1404-25DF-4286-B9DF-933B93B70311}.Release|x86.Build.0 = Release|x86
		{507913DF-FB08-4F50-B0FE-5BC53C3A0A06}.Debug|x86.ActiveCfg = Debug
		{507913DF-FB08-4F50-B0FE-5BC53C3A0A06}.Release|x86.ActiveCfg = Release
	EndGlobalSection
	GlobalSection(SolutionProperties) = preSolution
		HideSolutionNode = FALSE
	EndGlobalSection
EndGlobal
